
Microsoft Visual Studio Solution File, Format Version 12.00
# Visual Studio Version 17
VisualStudioVersion = 17.10.35027.167
MinimumVisualStudioVersion = 10.0.40219.1
Project("{FAE04EC0-301F-11D3-BF4B-00C04F79EFBC}") = "MyNotificationPlugin", "MyNotificationPlugin.csproj", "{BEBF1A8F-134A-43BF-B37A-E1622A287F78}"
EndProject
Global
	GlobalSection(SolutionConfigurationPlatforms) = preSolution
		Debug|Any CPU = Debug|Any CPU
		Release|Any CPU = Release|Any CPU
	EndGlobalSection
	GlobalSection(ProjectConfigurationPlatforms) = postSolution
		{BEBF1A8F-134A-43BF-B37A-E1622A287F78}.Debug|Any CPU.ActiveCfg = Debug|Any CPU
		{BEBF1A8F-134A-43BF-B37A-E1622A287F78}.Debug|Any CPU.Build.0 = Debug|Any CPU
		{BEBF1A8F-134A-43BF-B37A-E1622A287F78}.Release|Any CPU.ActiveCfg = Release|Any CPU
		{BEBF1A8F-134A-43BF-B37A-E1622A287F78}.Release|Any CPU.Build.0 = Release|Any CPU
	EndGlobalSection
	GlobalSection(SolutionProperties) = preSolution
		HideSolutionNode = FALSE
	EndGlobalSection
	GlobalSection(ExtensibilityGlobals) = postSolution
		SolutionGuid = {7E9398F5-5C66-463A-B9F3-CE1742D667B4}
	EndGlobalSection
EndGlobal
