
Microsoft Visual Studio Solution File, Format Version 12.00
# Visual Studio Version 17
VisualStudioVersion = 17.10.35027.167
MinimumVisualStudioVersion = 10.0.40219.1
Project("{FAE04EC0-301F-11D3-BF4B-00C04F79EFBC}") = "TgBotNotifications", "TgBotNotifications\TgBotNotifications.csproj", "{4950E32B-091B-4402-9A54-9B9B0C5B370E}"
EndProject
Project("{FAE04EC0-301F-11D3-BF4B-00C04F79EFBC}") = "NotificationsDb", "NotificationsDb\NotificationsDb.csproj", "{B85605CB-5495-40F7-A3A8-0136A8EED729}"
EndProject
Project("{FAE04EC0-301F-11D3-BF4B-00C04F79EFBC}") = "WebApiNotifications", "WebApiNotifications\WebApiNotifications.csproj", "{FC78B635-D0DA-4788-A4BD-886ADEDB9283}"
EndProject
Global
	GlobalSection(SolutionConfigurationPlatforms) = preSolution
		Debug|Any CPU = Debug|Any CPU
		Release|Any CPU = Release|Any CPU
	EndGlobalSection
	GlobalSection(ProjectConfigurationPlatforms) = postSolution
		{4950E32B-091B-4402-9A54-9B9B0C5B370E}.Debug|Any CPU.ActiveCfg = Debug|Any CPU
		{4950E32B-091B-4402-9A54-9B9B0C5B370E}.Debug|Any CPU.Build.0 = Debug|Any CPU
		{4950E32B-091B-4402-9A54-9B9B0C5B370E}.Release|Any CPU.ActiveCfg = Release|Any CPU
		{4950E32B-091B-4402-9A54-9B9B0C5B370E}.Release|Any CPU.Build.0 = Release|Any CPU
		{B85605CB-5495-40F7-A3A8-0136A8EED729}.Debug|Any CPU.ActiveCfg = Debug|Any CPU
		{B85605CB-5495-40F7-A3A8-0136A8EED729}.Debug|Any CPU.Build.0 = Debug|Any CPU
		{B85605CB-5495-40F7-A3A8-0136A8EED729}.Release|Any CPU.ActiveCfg = Release|Any CPU
		{B85605CB-5495-40F7-A3A8-0136A8EED729}.Release|Any CPU.Build.0 = Release|Any CPU
		{FC78B635-D0DA-4788-A4BD-886ADEDB9283}.Debug|Any CPU.ActiveCfg = Debug|Any CPU
		{FC78B635-D0DA-4788-A4BD-886ADEDB9283}.Debug|Any CPU.Build.0 = Debug|Any CPU
		{FC78B635-D0DA-4788-A4BD-886ADEDB9283}.Release|Any CPU.ActiveCfg = Release|Any CPU
		{FC78B635-D0DA-4788-A4BD-886ADEDB9283}.Release|Any CPU.Build.0 = Release|Any CPU
	EndGlobalSection
	GlobalSection(SolutionProperties) = preSolution
		HideSolutionNode = FALSE
	EndGlobalSection
	GlobalSection(ExtensibilityGlobals) = postSolution
		SolutionGuid = {83A3E878-E473-4C76-A6AD-9B3CF61B1615}
	EndGlobalSection
EndGlobal
